
Microsoft Visual Studio Solution File, Format Version 12.00
# Visual Studio Version 16
VisualStudioVersion = 16.0.30114.105
MinimumVisualStudioVersion = 10.0.40219.1
Project("{2150E333-8FDC-42A3-9474-1A3956D46DE8}") = "src", "src", "{560F7402-BE98-4424-87E2-DD2E6C4C055E}"
EndProject
Project("{2150E333-8FDC-42A3-9474-1A3956D46DE8}") = "NSE.BuildingBlocks", "NSE.BuildingBlocks", "{F36AD21F-100D-4D7D-A94A-B623C9B2AD1E}"
EndProject
Project("{FAE04EC0-301F-11D3-BF4B-00C04F79EFBC}") = "NSE.Core", "src\NSE.BuildingBlocks\Core\NSE.Core.csproj", "{88677698-51EF-443E-A3D6-85C098F30BD6}"
EndProject
Project("{2150E333-8FDC-42A3-9474-1A3956D46DE8}") = "NSE.Services", "NSE.Services", "{77D285DA-B388-4C47-B4E2-2C4FED94444C}"
EndProject
Project("{FAE04EC0-301F-11D3-BF4B-00C04F79EFBC}") = "NSE.Carrinho.API", "src\NSE.Services\NSE.Carrinho\NSE.Carrinho.API.csproj", "{EF068A7C-4216-4028-8C94-BE3FF251FBB7}"
EndProject
Project("{FAE04EC0-301F-11D3-BF4B-00C04F79EFBC}") = "NSE.Catalogo.API", "src\NSE.Services\NSE.Catalogo\NSE.Catalogo.API.csproj", "{D6F081AA-1421-4C0E-932C-8B1DDD8F0BF9}"
EndProject
Project("{FAE04EC0-301F-11D3-BF4B-00C04F79EFBC}") = "NSE.Clientes.API", "src\NSE.Services\NSE.Clientes\NSE.Clientes.API.csproj", "{7CDC845A-73EB-4084-BB14-32F5AFDE349B}"
EndProject
Project("{FAE04EC0-301F-11D3-BF4B-00C04F79EFBC}") = "NSE.Identidade.API", "src\NSE.Services\NSE.Identidade\NSE.Identidade.API.csproj", "{F9070984-5CFE-42BC-8485-DEDA9F6FD068}"
EndProject
Project("{FAE04EC0-301F-11D3-BF4B-00C04F79EFBC}") = "NSE.Pagamento.API", "src\NSE.Services\NSE.Pagamento\NSE.Pagamento.API.csproj", "{5BD6EEA3-336D-4AB6-81AB-5C4FF37C3083}"
EndProject
Project("{2150E333-8FDC-42A3-9474-1A3956D46DE8}") = "NSE.Web", "NSE.Web", "{AA93A913-C0BB-4A96-8B13-A2A93CFB4ECA}"
EndProject
Project("{FAE04EC0-301F-11D3-BF4B-00C04F79EFBC}") = "NSE.WebApp.MVC", "src\NSE.Web\MVC\NSE.WebApp.MVC.csproj", "{35F955FB-DDBB-4616-8BA7-5C6A2E2F5711}"
EndProject
Project("{2150E333-8FDC-42A3-9474-1A3956D46DE8}") = "Services", "Services", "{517D0F2F-5864-4C8F-A395-34B3AF344502}"
EndProject
Project("{FAE04EC0-301F-11D3-BF4B-00C04F79EFBC}") = "NSE.WebAPI.Core", "src\NSE.BuildingBlocks\Services\NSE.WebAPI.Core\NSE.WebAPI.Core.csproj", "{32D2B167-F73F-4DF4-9200-51EF584162F3}"
EndProject
Project("{FAE04EC0-301F-11D3-BF4B-00C04F79EFBC}") = "NSE.MessageBus", "src\NSE.BuildingBlocks\MessageBus\NSE.MessageBus.csproj", "{4A43BF32-3699-4D8A-A952-64A5127D4163}"
EndProject
Project("{2150E333-8FDC-42A3-9474-1A3956D46DE8}") = "NSE.ApiGateways", "NSE.ApiGateways", "{9981A00C-50E2-4546-8824-A0EAF9A214AC}"
EndProject
Project("{2150E333-8FDC-42A3-9474-1A3956D46DE8}") = "Compras", "Compras", "{A92FBFF5-75F1-4B90-A827-6CFFAF53E8FF}"
EndProject
Project("{FAE04EC0-301F-11D3-BF4B-00C04F79EFBC}") = "NSE.Bff.Compras", "src\NSE.ApiGateways\Compras\NSE.Bff.Compras\NSE.Bff.Compras.csproj", "{5EB155B5-18EC-4284-B91B-C76F54229C43}"
EndProject
Project("{2150E333-8FDC-42A3-9474-1A3956D46DE8}") = "NSE.Pedidos", "NSE.Pedidos", "{756A2883-B847-4D79-8ACE-D643E19D5C99}"
EndProject
Project("{FAE04EC0-301F-11D3-BF4B-00C04F79EFBC}") = "NSE.Pedidos.API", "src\NSE.Services\NSE.Pedidos\NSE.Pedidos.API\NSE.Pedidos.API.csproj", "{0D9C695F-4778-4203-8DA2-04ED9403EB3A}"
EndProject
Project("{FAE04EC0-301F-11D3-BF4B-00C04F79EFBC}") = "NSE.Pedidos.Domain", "src\NSE.Services\NSE.Pedidos\NSE.Pedidos.Domain\NSE.Pedidos.Domain.csproj", "{9023FE36-CEDB-4C0E-B588-2BB00A90B37B}"
EndProject
Project("{FAE04EC0-301F-11D3-BF4B-00C04F79EFBC}") = "NSE.Pedidos.Infra", "src\NSE.Services\NSE.Pedidos\NSE.Pedidos.Infra\NSE.Pedidos.Infra.csproj", "{E0DFABF4-BC5A-44DF-8ABF-F4F68AFF07AB}"
EndProject
Global
	GlobalSection(SolutionConfigurationPlatforms) = preSolution
		Debug|Any CPU = Debug|Any CPU
		Release|Any CPU = Release|Any CPU
	EndGlobalSection
	GlobalSection(SolutionProperties) = preSolution
		HideSolutionNode = FALSE
	EndGlobalSection
	GlobalSection(ProjectConfigurationPlatforms) = postSolution
		{88677698-51EF-443E-A3D6-85C098F30BD6}.Debug|Any CPU.ActiveCfg = Debug|Any CPU
		{88677698-51EF-443E-A3D6-85C098F30BD6}.Debug|Any CPU.Build.0 = Debug|Any CPU
		{88677698-51EF-443E-A3D6-85C098F30BD6}.Release|Any CPU.ActiveCfg = Release|Any CPU
		{88677698-51EF-443E-A3D6-85C098F30BD6}.Release|Any CPU.Build.0 = Release|Any CPU
		{EF068A7C-4216-4028-8C94-BE3FF251FBB7}.Debug|Any CPU.ActiveCfg = Debug|Any CPU
		{EF068A7C-4216-4028-8C94-BE3FF251FBB7}.Debug|Any CPU.Build.0 = Debug|Any CPU
		{EF068A7C-4216-4028-8C94-BE3FF251FBB7}.Release|Any CPU.ActiveCfg = Release|Any CPU
		{EF068A7C-4216-4028-8C94-BE3FF251FBB7}.Release|Any CPU.Build.0 = Release|Any CPU
		{D6F081AA-1421-4C0E-932C-8B1DDD8F0BF9}.Debug|Any CPU.ActiveCfg = Debug|Any CPU
		{D6F081AA-1421-4C0E-932C-8B1DDD8F0BF9}.Debug|Any CPU.Build.0 = Debug|Any CPU
		{D6F081AA-1421-4C0E-932C-8B1DDD8F0BF9}.Release|Any CPU.ActiveCfg = Release|Any CPU
		{D6F081AA-1421-4C0E-932C-8B1DDD8F0BF9}.Release|Any CPU.Build.0 = Release|Any CPU
		{7CDC845A-73EB-4084-BB14-32F5AFDE349B}.Debug|Any CPU.ActiveCfg = Debug|Any CPU
		{7CDC845A-73EB-4084-BB14-32F5AFDE349B}.Debug|Any CPU.Build.0 = Debug|Any CPU
		{7CDC845A-73EB-4084-BB14-32F5AFDE349B}.Release|Any CPU.ActiveCfg = Release|Any CPU
		{7CDC845A-73EB-4084-BB14-32F5AFDE349B}.Release|Any CPU.Build.0 = Release|Any CPU
		{F9070984-5CFE-42BC-8485-DEDA9F6FD068}.Debug|Any CPU.ActiveCfg = Debug|Any CPU
		{F9070984-5CFE-42BC-8485-DEDA9F6FD068}.Debug|Any CPU.Build.0 = Debug|Any CPU
		{F9070984-5CFE-42BC-8485-DEDA9F6FD068}.Release|Any CPU.ActiveCfg = Release|Any CPU
		{F9070984-5CFE-42BC-8485-DEDA9F6FD068}.Release|Any CPU.Build.0 = Release|Any CPU
		{5BD6EEA3-336D-4AB6-81AB-5C4FF37C3083}.Debug|Any CPU.ActiveCfg = Debug|Any CPU
		{5BD6EEA3-336D-4AB6-81AB-5C4FF37C3083}.Debug|Any CPU.Build.0 = Debug|Any CPU
		{5BD6EEA3-336D-4AB6-81AB-5C4FF37C3083}.Release|Any CPU.ActiveCfg = Release|Any CPU
		{5BD6EEA3-336D-4AB6-81AB-5C4FF37C3083}.Release|Any CPU.Build.0 = Release|Any CPU
		{35F955FB-DDBB-4616-8BA7-5C6A2E2F5711}.Debug|Any CPU.ActiveCfg = Debug|Any CPU
		{35F955FB-DDBB-4616-8BA7-5C6A2E2F5711}.Debug|Any CPU.Build.0 = Debug|Any CPU
		{35F955FB-DDBB-4616-8BA7-5C6A2E2F5711}.Release|Any CPU.ActiveCfg = Release|Any CPU
		{35F955FB-DDBB-4616-8BA7-5C6A2E2F5711}.Release|Any CPU.Build.0 = Release|Any CPU
		{32D2B167-F73F-4DF4-9200-51EF584162F3}.Debug|Any CPU.ActiveCfg = Debug|Any CPU
		{32D2B167-F73F-4DF4-9200-51EF584162F3}.Debug|Any CPU.Build.0 = Debug|Any CPU
		{32D2B167-F73F-4DF4-9200-51EF584162F3}.Release|Any CPU.ActiveCfg = Release|Any CPU
		{32D2B167-F73F-4DF4-9200-51EF584162F3}.Release|Any CPU.Build.0 = Release|Any CPU
		{4A43BF32-3699-4D8A-A952-64A5127D4163}.Debug|Any CPU.ActiveCfg = Debug|Any CPU
		{4A43BF32-3699-4D8A-A952-64A5127D4163}.Debug|Any CPU.Build.0 = Debug|Any CPU
		{4A43BF32-3699-4D8A-A952-64A5127D4163}.Release|Any CPU.ActiveCfg = Release|Any CPU
		{4A43BF32-3699-4D8A-A952-64A5127D4163}.Release|Any CPU.Build.0 = Release|Any CPU
		{5EB155B5-18EC-4284-B91B-C76F54229C43}.Debug|Any CPU.ActiveCfg = Debug|Any CPU
		{5EB155B5-18EC-4284-B91B-C76F54229C43}.Debug|Any CPU.Build.0 = Debug|Any CPU
		{5EB155B5-18EC-4284-B91B-C76F54229C43}.Release|Any CPU.ActiveCfg = Release|Any CPU
		{5EB155B5-18EC-4284-B91B-C76F54229C43}.Release|Any CPU.Build.0 = Release|Any CPU
		{0D9C695F-4778-4203-8DA2-04ED9403EB3A}.Debug|Any CPU.ActiveCfg = Debug|Any CPU
		{0D9C695F-4778-4203-8DA2-04ED9403EB3A}.Debug|Any CPU.Build.0 = Debug|Any CPU
		{0D9C695F-4778-4203-8DA2-04ED9403EB3A}.Release|Any CPU.ActiveCfg = Release|Any CPU
		{0D9C695F-4778-4203-8DA2-04ED9403EB3A}.Release|Any CPU.Build.0 = Release|Any CPU
		{9023FE36-CEDB-4C0E-B588-2BB00A90B37B}.Debug|Any CPU.ActiveCfg = Debug|Any CPU
		{9023FE36-CEDB-4C0E-B588-2BB00A90B37B}.Debug|Any CPU.Build.0 = Debug|Any CPU
		{9023FE36-CEDB-4C0E-B588-2BB00A90B37B}.Release|Any CPU.ActiveCfg = Release|Any CPU
		{9023FE36-CEDB-4C0E-B588-2BB00A90B37B}.Release|Any CPU.Build.0 = Release|Any CPU
		{E0DFABF4-BC5A-44DF-8ABF-F4F68AFF07AB}.Debug|Any CPU.ActiveCfg = Debug|Any CPU
		{E0DFABF4-BC5A-44DF-8ABF-F4F68AFF07AB}.Debug|Any CPU.Build.0 = Debug|Any CPU
		{E0DFABF4-BC5A-44DF-8ABF-F4F68AFF07AB}.Release|Any CPU.ActiveCfg = Release|Any CPU
		{E0DFABF4-BC5A-44DF-8ABF-F4F68AFF07AB}.Release|Any CPU.Build.0 = Release|Any CPU
	EndGlobalSection
	GlobalSection(NestedProjects) = preSolution
		{F36AD21F-100D-4D7D-A94A-B623C9B2AD1E} = {560F7402-BE98-4424-87E2-DD2E6C4C055E}
		{88677698-51EF-443E-A3D6-85C098F30BD6} = {F36AD21F-100D-4D7D-A94A-B623C9B2AD1E}
		{77D285DA-B388-4C47-B4E2-2C4FED94444C} = {560F7402-BE98-4424-87E2-DD2E6C4C055E}
		{EF068A7C-4216-4028-8C94-BE3FF251FBB7} = {77D285DA-B388-4C47-B4E2-2C4FED94444C}
		{D6F081AA-1421-4C0E-932C-8B1DDD8F0BF9} = {77D285DA-B388-4C47-B4E2-2C4FED94444C}
		{7CDC845A-73EB-4084-BB14-32F5AFDE349B} = {77D285DA-B388-4C47-B4E2-2C4FED94444C}
		{F9070984-5CFE-42BC-8485-DEDA9F6FD068} = {77D285DA-B388-4C47-B4E2-2C4FED94444C}
		{5BD6EEA3-336D-4AB6-81AB-5C4FF37C3083} = {77D285DA-B388-4C47-B4E2-2C4FED94444C}
		{AA93A913-C0BB-4A96-8B13-A2A93CFB4ECA} = {560F7402-BE98-4424-87E2-DD2E6C4C055E}
		{35F955FB-DDBB-4616-8BA7-5C6A2E2F5711} = {AA93A913-C0BB-4A96-8B13-A2A93CFB4ECA}
		{517D0F2F-5864-4C8F-A395-34B3AF344502} = {F36AD21F-100D-4D7D-A94A-B623C9B2AD1E}
		{32D2B167-F73F-4DF4-9200-51EF584162F3} = {517D0F2F-5864-4C8F-A395-34B3AF344502}
		{4A43BF32-3699-4D8A-A952-64A5127D4163} = {F36AD21F-100D-4D7D-A94A-B623C9B2AD1E}
		{9981A00C-50E2-4546-8824-A0EAF9A214AC} = {560F7402-BE98-4424-87E2-DD2E6C4C055E}
		{A92FBFF5-75F1-4B90-A827-6CFFAF53E8FF} = {9981A00C-50E2-4546-8824-A0EAF9A214AC}
		{5EB155B5-18EC-4284-B91B-C76F54229C43} = {A92FBFF5-75F1-4B90-A827-6CFFAF53E8FF}
		{756A2883-B847-4D79-8ACE-D643E19D5C99} = {77D285DA-B388-4C47-B4E2-2C4FED94444C}
		{0D9C695F-4778-4203-8DA2-04ED9403EB3A} = {756A2883-B847-4D79-8ACE-D643E19D5C99}
		{9023FE36-CEDB-4C0E-B588-2BB00A90B37B} = {756A2883-B847-4D79-8ACE-D643E19D5C99}
		{E0DFABF4-BC5A-44DF-8ABF-F4F68AFF07AB} = {756A2883-B847-4D79-8ACE-D643E19D5C99}
	EndGlobalSection
EndGlobal
