
Microsoft Visual Studio Solution File, Format Version 12.00
# Visual Studio Version 16
VisualStudioVersion = 16.0.30114.105
MinimumVisualStudioVersion = 10.0.40219.1
Project("{2150E333-8FDC-42A3-9474-1A3956D46DE8}") = "src", "src", "{560F7402-BE98-4424-87E2-DD2E6C4C055E}"
EndProject
Project("{2150E333-8FDC-42A3-9474-1A3956D46DE8}") = "NSE.BuildingBlocks", "NSE.BuildingBlocks", "{F36AD21F-100D-4D7D-A94A-B623C9B2AD1E}"
EndProject
Project("{FAE04EC0-301F-11D3-BF4B-00C04F79EFBC}") = "NSE.Core", "src\NSE.BuildingBlocks\Core\NSE.Core.csproj", "{88677698-51EF-443E-A3D6-85C098F30BD6}"
EndProject
Project("{2150E333-8FDC-42A3-9474-1A3956D46DE8}") = "NSE.Services", "NSE.Services", "{77D285DA-B388-4C47-B4E2-2C4FED94444C}"
EndProject
Project("{FAE04EC0-301F-11D3-BF4B-00C04F79EFBC}") = "NSE.Carrinho.API", "src\NSE.Services\NSE.Carrinho\NSE.Carrinho.API.csproj", "{EF068A7C-4216-4028-8C94-BE3FF251FBB7}"
EndProject
Project("{FAE04EC0-301F-11D3-BF4B-00C04F79EFBC}") = "NSE.Catalogo.API", "src\NSE.Services\NSE.Catalogo\NSE.Catalogo.API.csproj", "{D6F081AA-1421-4C0E-932C-8B1DDD8F0BF9}"
EndProject
Project("{FAE04EC0-301F-11D3-BF4B-00C04F79EFBC}") = "NSE.Cliente.API", "src\NSE.Services\NSE.Cliente\NSE.Cliente.API.csproj", "{7CDC845A-73EB-4084-BB14-32F5AFDE349B}"
EndProject
Project("{FAE04EC0-301F-11D3-BF4B-00C04F79EFBC}") = "NSE.Identidade.API", "src\NSE.Services\NSE.Identidade\NSE.Identidade.API.csproj", "{F9070984-5CFE-42BC-8485-DEDA9F6FD068}"
EndProject
Project("{FAE04EC0-301F-11D3-BF4B-00C04F79EFBC}") = "NSE.Pagamento.API", "src\NSE.Services\NSE.Pagamento\NSE.Pagamento.API.csproj", "{5BD6EEA3-336D-4AB6-81AB-5C4FF37C3083}"
EndProject
Project("{FAE04EC0-301F-11D3-BF4B-00C04F79EFBC}") = "NSE.Pedido.API", "src\NSE.Services\NSE.Pedido\NSE.Pedido.API.csproj", "{870C7124-A452-4118-83D4-9F6643E8FAE6}"
EndProject
Project("{2150E333-8FDC-42A3-9474-1A3956D46DE8}") = "NSE.Web", "NSE.Web", "{AA93A913-C0BB-4A96-8B13-A2A93CFB4ECA}"
EndProject
Project("{FAE04EC0-301F-11D3-BF4B-00C04F79EFBC}") = "NSE.WebApp.MVC", "src\NSE.Web\MVC\NSE.WebApp.MVC.csproj", "{35F955FB-DDBB-4616-8BA7-5C6A2E2F5711}"
EndProject
Global
	GlobalSection(SolutionConfigurationPlatforms) = preSolution
		Debug|Any CPU = Debug|Any CPU
		Release|Any CPU = Release|Any CPU
	EndGlobalSection
	GlobalSection(SolutionProperties) = preSolution
		HideSolutionNode = FALSE
	EndGlobalSection
	GlobalSection(ProjectConfigurationPlatforms) = postSolution
		{88677698-51EF-443E-A3D6-85C098F30BD6}.Debug|Any CPU.ActiveCfg = Debug|Any CPU
		{88677698-51EF-443E-A3D6-85C098F30BD6}.Debug|Any CPU.Build.0 = Debug|Any CPU
		{88677698-51EF-443E-A3D6-85C098F30BD6}.Release|Any CPU.ActiveCfg = Release|Any CPU
		{88677698-51EF-443E-A3D6-85C098F30BD6}.Release|Any CPU.Build.0 = Release|Any CPU
		{EF068A7C-4216-4028-8C94-BE3FF251FBB7}.Debug|Any CPU.ActiveCfg = Debug|Any CPU
		{EF068A7C-4216-4028-8C94-BE3FF251FBB7}.Debug|Any CPU.Build.0 = Debug|Any CPU
		{EF068A7C-4216-4028-8C94-BE3FF251FBB7}.Release|Any CPU.ActiveCfg = Release|Any CPU
		{EF068A7C-4216-4028-8C94-BE3FF251FBB7}.Release|Any CPU.Build.0 = Release|Any CPU
		{D6F081AA-1421-4C0E-932C-8B1DDD8F0BF9}.Debug|Any CPU.ActiveCfg = Debug|Any CPU
		{D6F081AA-1421-4C0E-932C-8B1DDD8F0BF9}.Debug|Any CPU.Build.0 = Debug|Any CPU
		{D6F081AA-1421-4C0E-932C-8B1DDD8F0BF9}.Release|Any CPU.ActiveCfg = Release|Any CPU
		{D6F081AA-1421-4C0E-932C-8B1DDD8F0BF9}.Release|Any CPU.Build.0 = Release|Any CPU
		{7CDC845A-73EB-4084-BB14-32F5AFDE349B}.Debug|Any CPU.ActiveCfg = Debug|Any CPU
		{7CDC845A-73EB-4084-BB14-32F5AFDE349B}.Debug|Any CPU.Build.0 = Debug|Any CPU
		{7CDC845A-73EB-4084-BB14-32F5AFDE349B}.Release|Any CPU.ActiveCfg = Release|Any CPU
		{7CDC845A-73EB-4084-BB14-32F5AFDE349B}.Release|Any CPU.Build.0 = Release|Any CPU
		{F9070984-5CFE-42BC-8485-DEDA9F6FD068}.Debug|Any CPU.ActiveCfg = Debug|Any CPU
		{F9070984-5CFE-42BC-8485-DEDA9F6FD068}.Debug|Any CPU.Build.0 = Debug|Any CPU
		{F9070984-5CFE-42BC-8485-DEDA9F6FD068}.Release|Any CPU.ActiveCfg = Release|Any CPU
		{F9070984-5CFE-42BC-8485-DEDA9F6FD068}.Release|Any CPU.Build.0 = Release|Any CPU
		{5BD6EEA3-336D-4AB6-81AB-5C4FF37C3083}.Debug|Any CPU.ActiveCfg = Debug|Any CPU
		{5BD6EEA3-336D-4AB6-81AB-5C4FF37C3083}.Debug|Any CPU.Build.0 = Debug|Any CPU
		{5BD6EEA3-336D-4AB6-81AB-5C4FF37C3083}.Release|Any CPU.ActiveCfg = Release|Any CPU
		{5BD6EEA3-336D-4AB6-81AB-5C4FF37C3083}.Release|Any CPU.Build.0 = Release|Any CPU
		{870C7124-A452-4118-83D4-9F6643E8FAE6}.Debug|Any CPU.ActiveCfg = Debug|Any CPU
		{870C7124-A452-4118-83D4-9F6643E8FAE6}.Debug|Any CPU.Build.0 = Debug|Any CPU
		{870C7124-A452-4118-83D4-9F6643E8FAE6}.Release|Any CPU.ActiveCfg = Release|Any CPU
		{870C7124-A452-4118-83D4-9F6643E8FAE6}.Release|Any CPU.Build.0 = Release|Any CPU
		{35F955FB-DDBB-4616-8BA7-5C6A2E2F5711}.Debug|Any CPU.ActiveCfg = Debug|Any CPU
		{35F955FB-DDBB-4616-8BA7-5C6A2E2F5711}.Debug|Any CPU.Build.0 = Debug|Any CPU
		{35F955FB-DDBB-4616-8BA7-5C6A2E2F5711}.Release|Any CPU.ActiveCfg = Release|Any CPU
		{35F955FB-DDBB-4616-8BA7-5C6A2E2F5711}.Release|Any CPU.Build.0 = Release|Any CPU
	EndGlobalSection
	GlobalSection(NestedProjects) = preSolution
		{F36AD21F-100D-4D7D-A94A-B623C9B2AD1E} = {560F7402-BE98-4424-87E2-DD2E6C4C055E}
		{88677698-51EF-443E-A3D6-85C098F30BD6} = {F36AD21F-100D-4D7D-A94A-B623C9B2AD1E}
		{77D285DA-B388-4C47-B4E2-2C4FED94444C} = {560F7402-BE98-4424-87E2-DD2E6C4C055E}
		{EF068A7C-4216-4028-8C94-BE3FF251FBB7} = {77D285DA-B388-4C47-B4E2-2C4FED94444C}
		{D6F081AA-1421-4C0E-932C-8B1DDD8F0BF9} = {77D285DA-B388-4C47-B4E2-2C4FED94444C}
		{7CDC845A-73EB-4084-BB14-32F5AFDE349B} = {77D285DA-B388-4C47-B4E2-2C4FED94444C}
		{F9070984-5CFE-42BC-8485-DEDA9F6FD068} = {77D285DA-B388-4C47-B4E2-2C4FED94444C}
		{5BD6EEA3-336D-4AB6-81AB-5C4FF37C3083} = {77D285DA-B388-4C47-B4E2-2C4FED94444C}
		{870C7124-A452-4118-83D4-9F6643E8FAE6} = {77D285DA-B388-4C47-B4E2-2C4FED94444C}
		{AA93A913-C0BB-4A96-8B13-A2A93CFB4ECA} = {560F7402-BE98-4424-87E2-DD2E6C4C055E}
		{35F955FB-DDBB-4616-8BA7-5C6A2E2F5711} = {AA93A913-C0BB-4A96-8B13-A2A93CFB4ECA}
	EndGlobalSection
EndGlobal
